
Microsoft Visual Studio Solution File, Format Version 11.00
# Visual Studio 2010
Project("{FAE04EC0-301F-11D3-BF4B-00C04F79EFBC}") = "Lydian Spoofer 1.3.0", "Lydian Spoofer 1.3.0\Lydian Spoofer 1.3.0.csproj", "{EE69171F-5F11-4F2F-B663-674C83A3E320}"
EndProject
Global
	GlobalSection(SolutionConfigurationPlatforms) = preSolution
		Debug|Any CPU = Debug|Any CPU
		Release|Any CPU = Release|Any CPU
	EndGlobalSection
	GlobalSection(ProjectConfigurationPlatforms) = postSolution
		{EE69171F-5F11-4F2F-B663-674C83A3E320}.Debug|Any CPU.ActiveCfg = Debug|Any CPU
		{EE69171F-5F11-4F2F-B663-674C83A3E320}.Debug|Any CPU.Build.0 = Debug|Any CPU
		{EE69171F-5F11-4F2F-B663-674C83A3E320}.Release|Any CPU.ActiveCfg = Release|Any CPU
		{EE69171F-5F11-4F2F-B663-674C83A3E320}.Release|Any CPU.Build.0 = Release|Any CPU
	EndGlobalSection
	GlobalSection(SolutionProperties) = preSolution
		HideSolutionNode = FALSE
	EndGlobalSection
EndGlobal
